
Microsoft Visual Studio Solution File, Format Version 12.00
# Visual Studio Version 17
VisualStudioVersion = 17.0.31912.275
MinimumVisualStudioVersion = 10.0.40219.1
Project("{FAE04EC0-301F-11D3-BF4B-00C04F79EFBC}") = "CarTeLL", "CarTeLL\CarTeLL.csproj", "{FD857676-00F5-4F3C-BD19-C5645BBD3277}"
EndProject
Global
	GlobalSection(SolutionConfigurationPlatforms) = preSolution
		Debug|Any CPU = Debug|Any CPU
		Release|Any CPU = Release|Any CPU
	EndGlobalSection
	GlobalSection(ProjectConfigurationPlatforms) = postSolution
		{FD857676-00F5-4F3C-BD19-C5645BBD3277}.Debug|Any CPU.ActiveCfg = Debug|Any CPU
		{FD857676-00F5-4F3C-BD19-C5645BBD3277}.Debug|Any CPU.Build.0 = Debug|Any CPU
		{FD857676-00F5-4F3C-BD19-C5645BBD3277}.Release|Any CPU.ActiveCfg = Release|Any CPU
		{FD857676-00F5-4F3C-BD19-C5645BBD3277}.Release|Any CPU.Build.0 = Release|Any CPU
	EndGlobalSection
	GlobalSection(SolutionProperties) = preSolution
		HideSolutionNode = FALSE
	EndGlobalSection
	GlobalSection(ExtensibilityGlobals) = postSolution
		SolutionGuid = {CD88A1E8-B475-4662-BBFD-3905C03822A2}
	EndGlobalSection
EndGlobal
